
Microsoft Visual Studio Solution File, Format Version 12.00
# Visual Studio Version 16
VisualStudioVersion = 25.0.1705.0
MinimumVisualStudioVersion = 10.0.40219.1
Project("{FAE04EC0-301F-11D3-BF4B-00C04F79EFBC}") = "CONSOLE APP STUDENT MARKS", "CONSOLE APP STUDENT MARKS.csproj", "{78740816-523A-46C0-A86F-FA56A9F31F90}"
EndProject
Global
	GlobalSection(SolutionConfigurationPlatforms) = preSolution
		Debug|Any CPU = Debug|Any CPU
		Release|Any CPU = Release|Any CPU
	EndGlobalSection
	GlobalSection(ProjectConfigurationPlatforms) = postSolution
		{78740816-523A-46C0-A86F-FA56A9F31F90}.Debug|Any CPU.ActiveCfg = Debug|Any CPU
		{78740816-523A-46C0-A86F-FA56A9F31F90}.Debug|Any CPU.Build.0 = Debug|Any CPU
		{78740816-523A-46C0-A86F-FA56A9F31F90}.Release|Any CPU.ActiveCfg = Release|Any CPU
		{78740816-523A-46C0-A86F-FA56A9F31F90}.Release|Any CPU.Build.0 = Release|Any CPU
	EndGlobalSection
	GlobalSection(SolutionProperties) = preSolution
		HideSolutionNode = FALSE
	EndGlobalSection
	GlobalSection(ExtensibilityGlobals) = postSolution
		SolutionGuid = {E54CEBFC-51DB-4704-BB13-230794855AC9}
	EndGlobalSection
EndGlobal
